<Solution>
  <Project Path="Core/ArbiScan.Core.csproj" />
  <Project Path="Exchanges.Binance/ArbiScan.Exchanges.Binance.csproj" />
  <Project Path="Exchanges.Bybit/ArbiScan.Exchanges.Bybit.csproj" />
  <Project Path="Infrastructure/ArbiScan.Infrastructure.csproj" />
  <Project Path="Scanner/ArbiScan.Scanner.csproj" />
  <Project Path="Tests/ArbiScan.Tests.csproj" />
</Solution>
